
Microsoft Visual Studio Solution File, Format Version 12.00
# Visual Studio Version 16
VisualStudioVersion = 16.0.31205.134
MinimumVisualStudioVersion = 10.0.40219.1
Project("{FAE04EC0-301F-11D3-BF4B-00C04F79EFBC}") = "BigSchool", "BigSchool\BigSchool.csproj", "{FF869ECC-5F6A-49BF-9D77-BA0F4AC4EE50}"
EndProject
Global
	GlobalSection(SolutionConfigurationPlatforms) = preSolution
		Debug|Any CPU = Debug|Any CPU
		Release|Any CPU = Release|Any CPU
	EndGlobalSection
	GlobalSection(ProjectConfigurationPlatforms) = postSolution
		{FF869ECC-5F6A-49BF-9D77-BA0F4AC4EE50}.Debug|Any CPU.ActiveCfg = Debug|Any CPU
		{FF869ECC-5F6A-49BF-9D77-BA0F4AC4EE50}.Debug|Any CPU.Build.0 = Debug|Any CPU
		{FF869ECC-5F6A-49BF-9D77-BA0F4AC4EE50}.Release|Any CPU.ActiveCfg = Release|Any CPU
		{FF869ECC-5F6A-49BF-9D77-BA0F4AC4EE50}.Release|Any CPU.Build.0 = Release|Any CPU
	EndGlobalSection
	GlobalSection(SolutionProperties) = preSolution
		HideSolutionNode = FALSE
	EndGlobalSection
	GlobalSection(ExtensibilityGlobals) = postSolution
		SolutionGuid = {1955E2B1-C381-4351-9529-28E5B6C4BECB}
	EndGlobalSection
EndGlobal
